
Microsoft Visual Studio Solution File, Format Version 12.00
# Visual Studio Version 16
VisualStudioVersion = 16.0.31702.278
MinimumVisualStudioVersion = 10.0.40219.1
Project("{FAE04EC0-301F-11D3-BF4B-00C04F79EFBC}") = "UserAppSharedLibrary", "UserAppSharedLibrary\UserAppSharedLibrary.csproj", "{84E16995-17E3-4D41-8A93-5321790CC6B6}"
EndProject
Global
	GlobalSection(SolutionConfigurationPlatforms) = preSolution
		Debug|Any CPU = Debug|Any CPU
		Release|Any CPU = Release|Any CPU
	EndGlobalSection
	GlobalSection(ProjectConfigurationPlatforms) = postSolution
		{84E16995-17E3-4D41-8A93-5321790CC6B6}.Debug|Any CPU.ActiveCfg = Debug|Any CPU
		{84E16995-17E3-4D41-8A93-5321790CC6B6}.Debug|Any CPU.Build.0 = Debug|Any CPU
		{84E16995-17E3-4D41-8A93-5321790CC6B6}.Release|Any CPU.ActiveCfg = Release|Any CPU
		{84E16995-17E3-4D41-8A93-5321790CC6B6}.Release|Any CPU.Build.0 = Release|Any CPU
	EndGlobalSection
	GlobalSection(SolutionProperties) = preSolution
		HideSolutionNode = FALSE
	EndGlobalSection
	GlobalSection(ExtensibilityGlobals) = postSolution
		SolutionGuid = {2A6499D8-CF2F-4780-BA6A-F04032A17D03}
	EndGlobalSection
EndGlobal
